// !$*UTF8*$!
{
	archiveVersion = 1;
	classes = {
	};
	objectVersion = 48;
	objects = {

/* Begin PBXBuildFile section */
		A51A011A1FC16DA700EDDC7E /* JollyJumpers.c in Sources */ = {isa = PBXBuildFile; fileRef = A51A01191FC16DA700EDDC7E /* JollyJumpers.c */; };
/* End PBXBuildFile section */

/* Begin PBXCopyFilesBuildPhase section */
		A57A5F1C1F9ABEAE0013EE2B /* CopyFiles */ = {
			isa = PBXCopyFilesBuildPhase;
			buildActionMask = 2147483647;
			dstPath = /usr/share/man/man1/;
			dstSubfolderSpec = 0;
			files = (
			);
			runOnlyForDeploymentPostprocessing = 1;
		};
/* End PBXCopyFilesBuildPhase section */

/* Begin PBXFileReference section */
		A513DB021FA74F4800477FD1 /* CheckTheCheck.c */ = {isa = PBXFileReference; lastKnownFileType = sourcecode.c.c; path = CheckTheCheck.c; sourceTree = "<group>"; };
		A513DB041FB094F000477FD1 /* AustralianVoting.c */ = {isa = PBXFileReference; lastKnownFileType = sourcecode.c.c; path = AustralianVoting.c; sourceTree = "<group>"; };
		A51A01191FC16DA700EDDC7E /* JollyJumpers.c */ = {isa = PBXFileReference; lastKnownFileType = sourcecode.c.c; path = JollyJumpers.c; sourceTree = "<group>"; };
		A56A9A7D1F9E11660043F3A3 /* TheTrip.c */ = {isa = PBXFileReference; lastKnownFileType = sourcecode.c.c; path = TheTrip.c; sourceTree = "<group>"; };
		A56A9A801F9F6DA40043F3A3 /* MineSweeper.c */ = {isa = PBXFileReference; lastKnownFileType = sourcecode.c.c; path = MineSweeper.c; sourceTree = "<group>"; };
		A56A9A821FA205720043F3A3 /* LCDDisplay.c */ = {isa = PBXFileReference; lastKnownFileType = sourcecode.c.c; path = LCDDisplay.c; sourceTree = "<group>"; };
		A56A9A841FA462E10043F3A3 /* GraphicEditor.c */ = {isa = PBXFileReference; lastKnownFileType = sourcecode.c.c; path = GraphicEditor.c; sourceTree = "<group>"; };
		A56A9A861FA6019E0043F3A3 /* Interpreter.c */ = {isa = PBXFileReference; lastKnownFileType = sourcecode.c.c; path = Interpreter.c; sourceTree = "<group>"; };
		A57A5F1E1F9ABEAE0013EE2B /* helloworld */ = {isa = PBXFileReference; explicitFileType = "compiled.mach-o.executable"; includeInIndex = 0; path = helloworld; sourceTree = BUILT_PRODUCTS_DIR; };
		A57A5F211F9ABEAE0013EE2B /* 3n+1.c */ = {isa = PBXFileReference; lastKnownFileType = sourcecode.c.c; path = "3n+1.c"; sourceTree = "<group>"; };
/* End PBXFileReference section */

/* Begin PBXFrameworksBuildPhase section */
		A57A5F1B1F9ABEAE0013EE2B /* Frameworks */ = {
			isa = PBXFrameworksBuildPhase;
			buildActionMask = 2147483647;
			files = (
			);
			runOnlyForDeploymentPostprocessing = 0;
		};
/* End PBXFrameworksBuildPhase section */

/* Begin PBXGroup section */
		A57A5F151F9ABEAE0013EE2B = {
			isa = PBXGroup;
			children = (
				A57A5F201F9ABEAE0013EE2B /* helloworld */,
				A57A5F1F1F9ABEAE0013EE2B /* Products */,
			);
			sourceTree = "<group>";
		};
		A57A5F1F1F9ABEAE0013EE2B /* Products */ = {
			isa = PBXGroup;
			children = (
				A57A5F1E1F9ABEAE0013EE2B /* helloworld */,
			);
			name = Products;
			sourceTree = "<group>";
		};
		A57A5F201F9ABEAE0013EE2B /* helloworld */ = {
			isa = PBXGroup;
			children = (
				A57A5F211F9ABEAE0013EE2B /* 3n+1.c */,
				A56A9A7D1F9E11660043F3A3 /* TheTrip.c */,
				A56A9A801F9F6DA40043F3A3 /* MineSweeper.c */,
				A56A9A821FA205720043F3A3 /* LCDDisplay.c */,
				A56A9A841FA462E10043F3A3 /* GraphicEditor.c */,
				A56A9A861FA6019E0043F3A3 /* Interpreter.c */,
				A513DB021FA74F4800477FD1 /* CheckTheCheck.c */,
				A513DB041FB094F000477FD1 /* AustralianVoting.c */,
				A51A01191FC16DA700EDDC7E /* JollyJumpers.c */,
			);
			path = helloworld;
			sourceTree = "<group>";
		};
/* End PBXGroup section */

/* Begin PBXNativeTarget section */
		A57A5F1D1F9ABEAE0013EE2B /* helloworld */ = {
			isa = PBXNativeTarget;
			buildConfigurationList = A57A5F251F9ABEAE0013EE2B /* Build configuration list for PBXNativeTarget "helloworld" */;
			buildPhases = (
				A57A5F1A1F9ABEAE0013EE2B /* Sources */,
				A57A5F1B1F9ABEAE0013EE2B /* Frameworks */,
				A57A5F1C1F9ABEAE0013EE2B /* CopyFiles */,
			);
			buildRules = (
			);
			dependencies = (
			);
			name = helloworld;
			productName = helloworld;
			productReference = A57A5F1E1F9ABEAE0013EE2B /* helloworld */;
			productType = "com.apple.product-type.tool";
		};
/* End PBXNativeTarget section */

/* Begin PBXProject section */
		A57A5F161F9ABEAE0013EE2B /* Project object */ = {
			isa = PBXProject;
			attributes = {
				LastUpgradeCheck = 0900;
				ORGANIZATIONNAME = "이지현";
				TargetAttributes = {
					A57A5F1D1F9ABEAE0013EE2B = {
						CreatedOnToolsVersion = 9.0.1;
						ProvisioningStyle = Automatic;
					};
				};
			};
			buildConfigurationList = A57A5F191F9ABEAE0013EE2B /* Build configuration list for PBXProject "helloworld" */;
			compatibilityVersion = "Xcode 8.0";
			developmentRegion = en;
			hasScannedForEncodings = 0;
			knownRegions = (
				en,
			);
			mainGroup = A57A5F151F9ABEAE0013EE2B;
			productRefGroup = A57A5F1F1F9ABEAE0013EE2B /* Products */;
			projectDirPath = "";
			projectRoot = "";
			targets = (
				A57A5F1D1F9ABEAE0013EE2B /* helloworld */,
			);
		};
/* End PBXProject section */

/* Begin PBXSourcesBuildPhase section */
		A57A5F1A1F9ABEAE0013EE2B /* Sources */ = {
			isa = PBXSourcesBuildPhase;
			buildActionMask = 2147483647;
			files = (
				A51A011A1FC16DA700EDDC7E /* JollyJumpers.c in Sources */,
			);
			runOnlyForDeploymentPostprocessing = 0;
		};
/* End PBXSourcesBuildPhase section */

/* Begin XCBuildConfiguration section */
		A57A5F231F9ABEAE0013EE2B /* Debug */ = {
			isa = XCBuildConfiguration;
			buildSettings = {
				ALWAYS_SEARCH_USER_PATHS = NO;
				CLANG_ANALYZER_NONNULL = YES;
				CLANG_ANALYZER_NUMBER_OBJECT_CONVERSION = YES_AGGRESSIVE;
				CLANG_CXX_LANGUAGE_STANDARD = "gnu++14";
				CLANG_CXX_LIBRARY = "libc++";
				CLANG_ENABLE_MODULES = YES;
				CLANG_ENABLE_OBJC_ARC = YES;
				CLANG_WARN_BLOCK_CAPTURE_AUTORELEASING = YES;
				CLANG_WARN_BOOL_CONVERSION = YES;
				CLANG_WARN_COMMA = YES;
				CLANG_WARN_CONSTANT_CONVERSION = YES;
				CLANG_WARN_DIRECT_OBJC_ISA_USAGE = YES_ERROR;
				CLANG_WARN_DOCUMENTATION_COMMENTS = YES;
				CLANG_WARN_EMPTY_BODY = YES;
				CLANG_WARN_ENUM_CONVERSION = YES;
				CLANG_WARN_INFINITE_RECURSION = YES;
				CLANG_WARN_INT_CONVERSION = YES;
				CLANG_WARN_NON_LITERAL_NULL_CONVERSION = YES;
				CLANG_WARN_OBJC_LITERAL_CONVERSION = YES;
				CLANG_WARN_OBJC_ROOT_CLASS = YES_ERROR;
				CLANG_WARN_RANGE_LOOP_ANALYSIS = YES;
				CLANG_WARN_STRICT_PROTOTYPES = YES;
				CLANG_WARN_SUSPICIOUS_MOVE = YES;
				CLANG_WARN_UNGUARDED_AVAILABILITY = YES_AGGRESSIVE;
				CLANG_WARN_UNREACHABLE_CODE = YES;
				CLANG_WARN__DUPLICATE_METHOD_MATCH = YES;
				CODE_SIGN_IDENTITY = "-";
				COPY_PHASE_STRIP = NO;
				DEBUG_INFORMATION_FORMAT = dwarf;
				ENABLE_STRICT_OBJC_MSGSEND = YES;
				ENABLE_TESTABILITY = YES;
				GCC_C_LANGUAGE_STANDARD = gnu11;
				GCC_DYNAMIC_NO_PIC = NO;
				GCC_NO_COMMON_BLOCKS = YES;
				GCC_OPTIMIZATION_LEVEL = 0;
				GCC_PREPROCESSOR_DEFINITIONS = (
					"DEBUG=1",
					"$(inherited)",
				);
				GCC_WARN_64_TO_32_BIT_CONVERSION = YES;
				GCC_WARN_ABOUT_RETURN_TYPE = YES_ERROR;
				GCC_WARN_UNDECLARED_SELECTOR = YES;
				GCC_WARN_UNINITIALIZED_AUTOS = YES_AGGRESSIVE;
				GCC_WARN_UNUSED_FUNCTION = YES;
				GCC_WARN_UNUSED_VARIABLE = YES;
				MACOSX_DEPLOYMENT_TARGET = 10.12;
				MTL_ENABLE_DEBUG_INFO = YES;
				ONLY_ACTIVE_ARCH = YES;
				SDKROOT = macosx;
			};
			name = Debug;
		};
		A57A5F241F9ABEAE0013EE2B /* Release */ = {
			isa = XCBuildConfiguration;
			buildSettings = {
				ALWAYS_SEARCH_USER_PATHS = NO;
				CLANG_ANALYZER_NONNULL = YES;
				CLANG_ANALYZER_NUMBER_OBJECT_CONVERSION = YES_AGGRESSIVE;
				CLANG_CXX_LANGUAGE_STANDARD = "gnu++14";
				CLANG_CXX_LIBRARY = "libc++";
				CLANG_ENABLE_MODULES = YES;
				CLANG_ENABLE_OBJC_ARC = YES;
				CLANG_WARN_BLOCK_CAPTURE_AUTORELEASING = YES;
				CLANG_WARN_BOOL_CONVERSION = YES;
				CLANG_WARN_COMMA = YES;
				CLANG_WARN_CONSTANT_CONVERSION = YES;
				CLANG_WARN_DIRECT_OBJC_ISA_USAGE = YES_ERROR;
				CLANG_WARN_DOCUMENTATION_COMMENTS = YES;
				CLANG_WARN_EMPTY_BODY = YES;
				CLANG_WARN_ENUM_CONVERSION = YES;
				CLANG_WARN_INFINITE_RECURSION = YES;
				CLANG_WARN_INT_CONVERSION = YES;
				CLANG_WARN_NON_LITERAL_NULL_CONVERSION = YES;
				CLANG_WARN_OBJC_LITERAL_CONVERSION = YES;
				CLANG_WARN_OBJC_ROOT_CLASS = YES_ERROR;
				CLANG_WARN_RANGE_LOOP_ANALYSIS = YES;
				CLANG_WARN_STRICT_PROTOTYPES = YES;
				CLANG_WARN_SUSPICIOUS_MOVE = YES;
				CLANG_WARN_UNGUARDED_AVAILABILITY = YES_AGGRESSIVE;
				CLANG_WARN_UNREACHABLE_CODE = YES;
				CLANG_WARN__DUPLICATE_METHOD_MATCH = YES;
				CODE_SIGN_IDENTITY = "-";
				COPY_PHASE_STRIP = NO;
				DEBUG_INFORMATION_FORMAT = "dwarf-with-dsym";
				ENABLE_NS_ASSERTIONS = NO;
				ENABLE_STRICT_OBJC_MSGSEND = YES;
				GCC_C_LANGUAGE_STANDARD = gnu11;
				GCC_NO_COMMON_BLOCKS = YES;
				GCC_WARN_64_TO_32_BIT_CONVERSION = YES;
				GCC_WARN_ABOUT_RETURN_TYPE = YES_ERROR;
				GCC_WARN_UNDECLARED_SELECTOR = YES;
				GCC_WARN_UNINITIALIZED_AUTOS = YES_AGGRESSIVE;
				GCC_WARN_UNUSED_FUNCTION = YES;
				GCC_WARN_UNUSED_VARIABLE = YES;
				MACOSX_DEPLOYMENT_TARGET = 10.12;
				MTL_ENABLE_DEBUG_INFO = NO;
				SDKROOT = macosx;
			};
			name = Release;
		};
		A57A5F261F9ABEAE0013EE2B /* Debug */ = {
			isa = XCBuildConfiguration;
			buildSettings = {
				CODE_SIGN_STYLE = Automatic;
				PRODUCT_NAME = "$(TARGET_NAME)";
			};
			name = Debug;
		};
		A57A5F271F9ABEAE0013EE2B /* Release */ = {
			isa = XCBuildConfiguration;
			buildSettings = {
				CODE_SIGN_STYLE = Automatic;
				PRODUCT_NAME = "$(TARGET_NAME)";
			};
			name = Release;
		};
/* End XCBuildConfiguration section */

/* Begin XCConfigurationList section */
		A57A5F191F9ABEAE0013EE2B /* Build configuration list for PBXProject "helloworld" */ = {
			isa = XCConfigurationList;
			buildConfigurations = (
				A57A5F231F9ABEAE0013EE2B /* Debug */,
				A57A5F241F9ABEAE0013EE2B /* Release */,
			);
			defaultConfigurationIsVisible = 0;
			defaultConfigurationName = Release;
		};
		A57A5F251F9ABEAE0013EE2B /* Build configuration list for PBXNativeTarget "helloworld" */ = {
			isa = XCConfigurationList;
			buildConfigurations = (
				A57A5F261F9ABEAE0013EE2B /* Debug */,
				A57A5F271F9ABEAE0013EE2B /* Release */,
			);
			defaultConfigurationIsVisible = 0;
			defaultConfigurationName = Release;
		};
/* End XCConfigurationList section */
	};
	rootObject = A57A5F161F9ABEAE0013EE2B /* Project object */;
}
